
Microsoft Visual Studio Solution File, Format Version 12.00
# Visual Studio Version 17
VisualStudioVersion = 17.6.33815.320
MinimumVisualStudioVersion = 10.0.40219.1
Project("{FAE04EC0-301F-11D3-BF4B-00C04F79EFBC}") = "GuiDiscovery", "GuiDiscovery\GuiDiscovery.csproj", "{DFAA973E-A883-43E3-AEC6-C461161738B1}"
EndProject
Global
	GlobalSection(SolutionConfigurationPlatforms) = preSolution
		Debug|Any CPU = Debug|Any CPU
		Release|Any CPU = Release|Any CPU
	EndGlobalSection
	GlobalSection(ProjectConfigurationPlatforms) = postSolution
		{DFAA973E-A883-43E3-AEC6-C461161738B1}.Debug|Any CPU.ActiveCfg = Debug|Any CPU
		{DFAA973E-A883-43E3-AEC6-C461161738B1}.Debug|Any CPU.Build.0 = Debug|Any CPU
		{DFAA973E-A883-43E3-AEC6-C461161738B1}.Release|Any CPU.ActiveCfg = Release|Any CPU
		{DFAA973E-A883-43E3-AEC6-C461161738B1}.Release|Any CPU.Build.0 = Release|Any CPU
	EndGlobalSection
	GlobalSection(SolutionProperties) = preSolution
		HideSolutionNode = FALSE
	EndGlobalSection
	GlobalSection(ExtensibilityGlobals) = postSolution
		SolutionGuid = {E0166921-3122-4B81-AC71-8A863F3BAF9C}
	EndGlobalSection
EndGlobal
